
Microsoft Visual Studio Solution File, Format Version 12.00
# Visual Studio Version 16
VisualStudioVersion = 25.0.1706.4
MinimumVisualStudioVersion = 10.0.40219.1
Project("{FAE04EC0-301F-11D3-BF4B-00C04F79EFBC}") = "xf.simp2023.notes.Android", "xf.simp2023.notes\xf.simp2023.notes.Android\xf.simp2023.notes.Android.csproj", "{0E13B92E-51D8-4A54-BA59-BA1F66153781}"
EndProject
Project("{FAE04EC0-301F-11D3-BF4B-00C04F79EFBC}") = "xf.simp2023.notes.iOS", "xf.simp2023.notes\xf.simp2023.notes.iOS\xf.simp2023.notes.iOS.csproj", "{13156DD4-DDB1-428D-8689-397901F4C83C}"
EndProject
Project("{FAE04EC0-301F-11D3-BF4B-00C04F79EFBC}") = "xf.simp2023.notes", "xf.simp2023.notes\xf.simp2023.notes\xf.simp2023.notes.csproj", "{85690D6B-AC18-40FB-B3DB-AFE91E72D5D0}"
EndProject
Global
	GlobalSection(SolutionConfigurationPlatforms) = preSolution
		Debug|Any CPU = Debug|Any CPU
		Release|Any CPU = Release|Any CPU
		Debug|iPhoneSimulator = Debug|iPhoneSimulator
		Release|iPhoneSimulator = Release|iPhoneSimulator
		Debug|iPhone = Debug|iPhone
		Release|iPhone = Release|iPhone
	EndGlobalSection
	GlobalSection(ProjectConfigurationPlatforms) = postSolution
		{0E13B92E-51D8-4A54-BA59-BA1F66153781}.Debug|Any CPU.ActiveCfg = Debug|Any CPU
		{0E13B92E-51D8-4A54-BA59-BA1F66153781}.Debug|Any CPU.Build.0 = Debug|Any CPU
		{0E13B92E-51D8-4A54-BA59-BA1F66153781}.Release|Any CPU.ActiveCfg = Release|Any CPU
		{0E13B92E-51D8-4A54-BA59-BA1F66153781}.Release|Any CPU.Build.0 = Release|Any CPU
		{0E13B92E-51D8-4A54-BA59-BA1F66153781}.Debug|iPhoneSimulator.ActiveCfg = Debug|Any CPU
		{0E13B92E-51D8-4A54-BA59-BA1F66153781}.Debug|iPhoneSimulator.Build.0 = Debug|Any CPU
		{0E13B92E-51D8-4A54-BA59-BA1F66153781}.Release|iPhoneSimulator.ActiveCfg = Release|Any CPU
		{0E13B92E-51D8-4A54-BA59-BA1F66153781}.Release|iPhoneSimulator.Build.0 = Release|Any CPU
		{0E13B92E-51D8-4A54-BA59-BA1F66153781}.Debug|iPhone.ActiveCfg = Debug|Any CPU
		{0E13B92E-51D8-4A54-BA59-BA1F66153781}.Debug|iPhone.Build.0 = Debug|Any CPU
		{0E13B92E-51D8-4A54-BA59-BA1F66153781}.Release|iPhone.ActiveCfg = Release|Any CPU
		{0E13B92E-51D8-4A54-BA59-BA1F66153781}.Release|iPhone.Build.0 = Release|Any CPU
		{13156DD4-DDB1-428D-8689-397901F4C83C}.Debug|Any CPU.ActiveCfg = Debug|iPhoneSimulator
		{13156DD4-DDB1-428D-8689-397901F4C83C}.Debug|Any CPU.Build.0 = Debug|iPhoneSimulator
		{13156DD4-DDB1-428D-8689-397901F4C83C}.Release|Any CPU.ActiveCfg = Release|iPhoneSimulator
		{13156DD4-DDB1-428D-8689-397901F4C83C}.Release|Any CPU.Build.0 = Release|iPhoneSimulator
		{13156DD4-DDB1-428D-8689-397901F4C83C}.Debug|iPhoneSimulator.ActiveCfg = Debug|iPhoneSimulator
		{13156DD4-DDB1-428D-8689-397901F4C83C}.Debug|iPhoneSimulator.Build.0 = Debug|iPhoneSimulator
		{13156DD4-DDB1-428D-8689-397901F4C83C}.Release|iPhoneSimulator.ActiveCfg = Release|iPhoneSimulator
		{13156DD4-DDB1-428D-8689-397901F4C83C}.Release|iPhoneSimulator.Build.0 = Release|iPhoneSimulator
		{13156DD4-DDB1-428D-8689-397901F4C83C}.Debug|iPhone.ActiveCfg = Debug|iPhone
		{13156DD4-DDB1-428D-8689-397901F4C83C}.Debug|iPhone.Build.0 = Debug|iPhone
		{13156DD4-DDB1-428D-8689-397901F4C83C}.Release|iPhone.ActiveCfg = Release|iPhone
		{13156DD4-DDB1-428D-8689-397901F4C83C}.Release|iPhone.Build.0 = Release|iPhone
		{85690D6B-AC18-40FB-B3DB-AFE91E72D5D0}.Debug|Any CPU.ActiveCfg = Debug|Any CPU
		{85690D6B-AC18-40FB-B3DB-AFE91E72D5D0}.Debug|Any CPU.Build.0 = Debug|Any CPU
		{85690D6B-AC18-40FB-B3DB-AFE91E72D5D0}.Release|Any CPU.ActiveCfg = Release|Any CPU
		{85690D6B-AC18-40FB-B3DB-AFE91E72D5D0}.Release|Any CPU.Build.0 = Release|Any CPU
		{85690D6B-AC18-40FB-B3DB-AFE91E72D5D0}.Debug|iPhoneSimulator.ActiveCfg = Debug|Any CPU
		{85690D6B-AC18-40FB-B3DB-AFE91E72D5D0}.Debug|iPhoneSimulator.Build.0 = Debug|Any CPU
		{85690D6B-AC18-40FB-B3DB-AFE91E72D5D0}.Release|iPhoneSimulator.ActiveCfg = Release|Any CPU
		{85690D6B-AC18-40FB-B3DB-AFE91E72D5D0}.Release|iPhoneSimulator.Build.0 = Release|Any CPU
		{85690D6B-AC18-40FB-B3DB-AFE91E72D5D0}.Debug|iPhone.ActiveCfg = Debug|Any CPU
		{85690D6B-AC18-40FB-B3DB-AFE91E72D5D0}.Debug|iPhone.Build.0 = Debug|Any CPU
		{85690D6B-AC18-40FB-B3DB-AFE91E72D5D0}.Release|iPhone.ActiveCfg = Release|Any CPU
		{85690D6B-AC18-40FB-B3DB-AFE91E72D5D0}.Release|iPhone.Build.0 = Release|Any CPU
	EndGlobalSection
	GlobalSection(SolutionProperties) = preSolution
		HideSolutionNode = FALSE
	EndGlobalSection
	GlobalSection(ExtensibilityGlobals) = postSolution
		SolutionGuid = {FE8FA8D4-5CF6-4FA4-87E3-BA9BF5235412}
	EndGlobalSection
EndGlobal
